{
  "name": "localtest",
  "lockfileVersion": 2,
  "requires": true,
  "packages": {
    "": {
      "dependencies": {
        "nxjs": "^0.1.0"
      }
    },
    "node_modules/nxjs": {
      "version": "0.1.0",
      "resolved": "https://registry.npmjs.org/nxjs/-/nxjs-0.1.0.tgz",
      "integrity": "sha512-rMD9K99fGXbGbRIDuA+HsfAURp1qMT4f/KQY6oEKw4pegGLYIWUykFNRgLInxZdUo/9/qZXRB/3Tekl1pLOltg=="
    }
  },
  "dependencies": {
    "nxjs": {
      "version": "0.1.0",
      "resolved": "https://registry.npmjs.org/nxjs/-/nxjs-0.1.0.tgz",
      "integrity": "sha512-rMD9K99fGXbGbRIDuA+HsfAURp1qMT4f/KQY6oEKw4pegGLYIWUykFNRgLInxZdUo/9/qZXRB/3Tekl1pLOltg=="
    }
  }
}
